
Microsoft Visual Studio Solution File, Format Version 12.00
# Visual Studio Version 17
VisualStudioVersion = 17.9.34407.89
MinimumVisualStudioVersion = 10.0.40219.1
Project("{FAE04EC0-301F-11D3-BF4B-00C04F79EFBC}") = "Laboratory_5", "Laboratory_5\Laboratory_5.csproj", "{3E00EB3B-FC04-4EE4-BBB3-0D5967942329}"
EndProject
Project("{FAE04EC0-301F-11D3-BF4B-00C04F79EFBC}") = "UnitTestProjectMatrix", "UnitTestProjectMatrix\UnitTestProjectMatrix.csproj", "{BB02B4C5-90FB-4CAF-8E0F-AEB67AC2AA5E}"
EndProject
Global
	GlobalSection(SolutionConfigurationPlatforms) = preSolution
		Debug|Any CPU = Debug|Any CPU
		Release|Any CPU = Release|Any CPU
	EndGlobalSection
	GlobalSection(ProjectConfigurationPlatforms) = postSolution
		{3E00EB3B-FC04-4EE4-BBB3-0D5967942329}.Debug|Any CPU.ActiveCfg = Debug|Any CPU
		{3E00EB3B-FC04-4EE4-BBB3-0D5967942329}.Debug|Any CPU.Build.0 = Debug|Any CPU
		{3E00EB3B-FC04-4EE4-BBB3-0D5967942329}.Release|Any CPU.ActiveCfg = Release|Any CPU
		{3E00EB3B-FC04-4EE4-BBB3-0D5967942329}.Release|Any CPU.Build.0 = Release|Any CPU
		{BB02B4C5-90FB-4CAF-8E0F-AEB67AC2AA5E}.Debug|Any CPU.ActiveCfg = Debug|Any CPU
		{BB02B4C5-90FB-4CAF-8E0F-AEB67AC2AA5E}.Debug|Any CPU.Build.0 = Debug|Any CPU
		{BB02B4C5-90FB-4CAF-8E0F-AEB67AC2AA5E}.Release|Any CPU.ActiveCfg = Release|Any CPU
		{BB02B4C5-90FB-4CAF-8E0F-AEB67AC2AA5E}.Release|Any CPU.Build.0 = Release|Any CPU
	EndGlobalSection
	GlobalSection(SolutionProperties) = preSolution
		HideSolutionNode = FALSE
	EndGlobalSection
	GlobalSection(ExtensibilityGlobals) = postSolution
		SolutionGuid = {9C6BB848-DDD0-4843-BAEE-99366829E2B8}
	EndGlobalSection
EndGlobal
